
Microsoft Visual Studio Solution File, Format Version 12.00
# Visual Studio Version 16
VisualStudioVersion = 16.0.31129.286
MinimumVisualStudioVersion = 10.0.40219.1
Project("{9A19103F-16F7-4668-BE54-9A1E7A4F7556}") = "KampIntro", "a\KampIntro.csproj", "{12E9F1EE-CC6E-43D0-85EC-F954A27BD886}"
EndProject
Project("{9A19103F-16F7-4668-BE54-9A1E7A4F7556}") = "Donguler", "Donguler\Donguler.csproj", "{269845B3-364A-4A1E-B9D9-404D4EDE4117}"
EndProject
Project("{9A19103F-16F7-4668-BE54-9A1E7A4F7556}") = "ClassIntro", "ClassIntro\ClassIntro.csproj", "{D249AD86-4029-4FC7-81E5-89C94DBE2E96}"
EndProject
Project("{9A19103F-16F7-4668-BE54-9A1E7A4F7556}") = "G2O6", "---G2O6\G2O6.csproj", "{C3B0FF02-2F32-49AE-AC31-DA6846BAA8DD}"
EndProject
Project("{9A19103F-16F7-4668-BE54-9A1E7A4F7556}") = "Metotlar", "Metotlar\Metotlar.csproj", "{B879C7ED-44A2-450C-AACE-ED68683EB576}"
EndProject
Project("{9A19103F-16F7-4668-BE54-9A1E7A4F7556}") = "Matematik", "Matematik\Matematik.csproj", "{B4418A50-10E9-4419-BE15-D431A7203A41}"
EndProject
Project("{9A19103F-16F7-4668-BE54-9A1E7A4F7556}") = "DegerVeReferansTıpler", "DegerVeReferansTıpler\DegerVeReferansTıpler.csproj", "{C7E07C70-8448-4861-B01A-98D45383D4E6}"
EndProject
Project("{9A19103F-16F7-4668-BE54-9A1E7A4F7556}") = "Metotlar", "Metotlar2\Metotlar.csproj", "{C7C2F3CF-0880-4F20-B0FB-2FC24480D9DB}"
EndProject
Project("{9A19103F-16F7-4668-BE54-9A1E7A4F7556}") = "OOP1", "OOP1\OOP1.csproj", "{55DDCC3C-29E3-414B-B38A-28788ACBD8A5}"
EndProject
Project("{9A19103F-16F7-4668-BE54-9A1E7A4F7556}") = "Koleksiyonlar", "Koleksiyonlar\Koleksiyonlar.csproj", "{383DEDF8-4494-46D4-B94C-4EDE24CC458A}"
EndProject
Project("{9A19103F-16F7-4668-BE54-9A1E7A4F7556}") = "GenericsIntro", "GenericsIntro\GenericsIntro.csproj", "{0C0231F2-BD5C-4E5F-8BB4-CF58C7570B4F}"
EndProject
Project("{9A19103F-16F7-4668-BE54-9A1E7A4F7556}") = "Constructor", "@@@@@Constructor\Constructor.csproj", "{89EFE0E7-C83A-49AD-9612-A2AB06DB6E67}"
EndProject
Project("{9A19103F-16F7-4668-BE54-9A1E7A4F7556}") = "Generics", "@@@@@Generics\Generics.csproj", "{523E6AA9-D943-4173-90E8-AE711E90FFA5}"
EndProject
Project("{2150E333-8FDC-42A3-9474-1A3956D46DE8}") = "Videolar", "Videolar", "{FE62DE98-A35E-42CE-9335-CEB6214A3188}"
EndProject
Project("{2150E333-8FDC-42A3-9474-1A3956D46DE8}") = "Ödevler", "Ödevler", "{FF9E9230-1BF9-45CB-AE9A-AAD5575B915B}"
EndProject
Project("{9A19103F-16F7-4668-BE54-9A1E7A4F7556}") = "OOP2", "OOP2\OOP2.csproj", "{29121038-F304-4BD6-8862-298319CA107B}"
EndProject
Project("{9A19103F-16F7-4668-BE54-9A1E7A4F7556}") = "OOP3", "OOP3\OOP3.csproj", "{B573742D-608F-4395-9F8B-528084A21E1E}"
EndProject
Project("{FAE04EC0-301F-11D3-BF4B-00C04F79EFBC}") = "Classes", "Classes\Classes.csproj", "{BA8C05B0-0111-4E30-8DC5-E48DA03E1BC4}"
EndProject
Project("{FAE04EC0-301F-11D3-BF4B-00C04F79EFBC}") = "RecapDemo1", "RecapDemo1\RecapDemo1.csproj", "{E430AFF2-C45B-4C86-B4EA-C9DF8CBDEEB4}"
EndProject
Global
	GlobalSection(SolutionConfigurationPlatforms) = preSolution
		Debug|Any CPU = Debug|Any CPU
		Release|Any CPU = Release|Any CPU
	EndGlobalSection
	GlobalSection(ProjectConfigurationPlatforms) = postSolution
		{12E9F1EE-CC6E-43D0-85EC-F954A27BD886}.Debug|Any CPU.ActiveCfg = Debug|Any CPU
		{12E9F1EE-CC6E-43D0-85EC-F954A27BD886}.Debug|Any CPU.Build.0 = Debug|Any CPU
		{12E9F1EE-CC6E-43D0-85EC-F954A27BD886}.Release|Any CPU.ActiveCfg = Release|Any CPU
		{12E9F1EE-CC6E-43D0-85EC-F954A27BD886}.Release|Any CPU.Build.0 = Release|Any CPU
		{269845B3-364A-4A1E-B9D9-404D4EDE4117}.Debug|Any CPU.ActiveCfg = Debug|Any CPU
		{269845B3-364A-4A1E-B9D9-404D4EDE4117}.Debug|Any CPU.Build.0 = Debug|Any CPU
		{269845B3-364A-4A1E-B9D9-404D4EDE4117}.Release|Any CPU.ActiveCfg = Release|Any CPU
		{269845B3-364A-4A1E-B9D9-404D4EDE4117}.Release|Any CPU.Build.0 = Release|Any CPU
		{D249AD86-4029-4FC7-81E5-89C94DBE2E96}.Debug|Any CPU.ActiveCfg = Debug|Any CPU
		{D249AD86-4029-4FC7-81E5-89C94DBE2E96}.Debug|Any CPU.Build.0 = Debug|Any CPU
		{D249AD86-4029-4FC7-81E5-89C94DBE2E96}.Release|Any CPU.ActiveCfg = Release|Any CPU
		{D249AD86-4029-4FC7-81E5-89C94DBE2E96}.Release|Any CPU.Build.0 = Release|Any CPU
		{C3B0FF02-2F32-49AE-AC31-DA6846BAA8DD}.Debug|Any CPU.ActiveCfg = Debug|Any CPU
		{C3B0FF02-2F32-49AE-AC31-DA6846BAA8DD}.Debug|Any CPU.Build.0 = Debug|Any CPU
		{C3B0FF02-2F32-49AE-AC31-DA6846BAA8DD}.Release|Any CPU.ActiveCfg = Release|Any CPU
		{C3B0FF02-2F32-49AE-AC31-DA6846BAA8DD}.Release|Any CPU.Build.0 = Release|Any CPU
		{B879C7ED-44A2-450C-AACE-ED68683EB576}.Debug|Any CPU.ActiveCfg = Debug|Any CPU
		{B879C7ED-44A2-450C-AACE-ED68683EB576}.Debug|Any CPU.Build.0 = Debug|Any CPU
		{B879C7ED-44A2-450C-AACE-ED68683EB576}.Release|Any CPU.ActiveCfg = Release|Any CPU
		{B879C7ED-44A2-450C-AACE-ED68683EB576}.Release|Any CPU.Build.0 = Release|Any CPU
		{B4418A50-10E9-4419-BE15-D431A7203A41}.Debug|Any CPU.ActiveCfg = Debug|Any CPU
		{B4418A50-10E9-4419-BE15-D431A7203A41}.Debug|Any CPU.Build.0 = Debug|Any CPU
		{B4418A50-10E9-4419-BE15-D431A7203A41}.Release|Any CPU.ActiveCfg = Release|Any CPU
		{B4418A50-10E9-4419-BE15-D431A7203A41}.Release|Any CPU.Build.0 = Release|Any CPU
		{C7E07C70-8448-4861-B01A-98D45383D4E6}.Debug|Any CPU.ActiveCfg = Debug|Any CPU
		{C7E07C70-8448-4861-B01A-98D45383D4E6}.Debug|Any CPU.Build.0 = Debug|Any CPU
		{C7E07C70-8448-4861-B01A-98D45383D4E6}.Release|Any CPU.ActiveCfg = Release|Any CPU
		{C7E07C70-8448-4861-B01A-98D45383D4E6}.Release|Any CPU.Build.0 = Release|Any CPU
		{C7C2F3CF-0880-4F20-B0FB-2FC24480D9DB}.Debug|Any CPU.ActiveCfg = Debug|Any CPU
		{C7C2F3CF-0880-4F20-B0FB-2FC24480D9DB}.Debug|Any CPU.Build.0 = Debug|Any CPU
		{C7C2F3CF-0880-4F20-B0FB-2FC24480D9DB}.Release|Any CPU.ActiveCfg = Release|Any CPU
		{C7C2F3CF-0880-4F20-B0FB-2FC24480D9DB}.Release|Any CPU.Build.0 = Release|Any CPU
		{55DDCC3C-29E3-414B-B38A-28788ACBD8A5}.Debug|Any CPU.ActiveCfg = Debug|Any CPU
		{55DDCC3C-29E3-414B-B38A-28788ACBD8A5}.Debug|Any CPU.Build.0 = Debug|Any CPU
		{55DDCC3C-29E3-414B-B38A-28788ACBD8A5}.Release|Any CPU.ActiveCfg = Release|Any CPU
		{55DDCC3C-29E3-414B-B38A-28788ACBD8A5}.Release|Any CPU.Build.0 = Release|Any CPU
		{383DEDF8-4494-46D4-B94C-4EDE24CC458A}.Debug|Any CPU.ActiveCfg = Debug|Any CPU
		{383DEDF8-4494-46D4-B94C-4EDE24CC458A}.Debug|Any CPU.Build.0 = Debug|Any CPU
		{383DEDF8-4494-46D4-B94C-4EDE24CC458A}.Release|Any CPU.ActiveCfg = Release|Any CPU
		{383DEDF8-4494-46D4-B94C-4EDE24CC458A}.Release|Any CPU.Build.0 = Release|Any CPU
		{0C0231F2-BD5C-4E5F-8BB4-CF58C7570B4F}.Debug|Any CPU.ActiveCfg = Debug|Any CPU
		{0C0231F2-BD5C-4E5F-8BB4-CF58C7570B4F}.Debug|Any CPU.Build.0 = Debug|Any CPU
		{0C0231F2-BD5C-4E5F-8BB4-CF58C7570B4F}.Release|Any CPU.ActiveCfg = Release|Any CPU
		{0C0231F2-BD5C-4E5F-8BB4-CF58C7570B4F}.Release|Any CPU.Build.0 = Release|Any CPU
		{89EFE0E7-C83A-49AD-9612-A2AB06DB6E67}.Debug|Any CPU.ActiveCfg = Debug|Any CPU
		{89EFE0E7-C83A-49AD-9612-A2AB06DB6E67}.Debug|Any CPU.Build.0 = Debug|Any CPU
		{89EFE0E7-C83A-49AD-9612-A2AB06DB6E67}.Release|Any CPU.ActiveCfg = Release|Any CPU
		{89EFE0E7-C83A-49AD-9612-A2AB06DB6E67}.Release|Any CPU.Build.0 = Release|Any CPU
		{523E6AA9-D943-4173-90E8-AE711E90FFA5}.Debug|Any CPU.ActiveCfg = Debug|Any CPU
		{523E6AA9-D943-4173-90E8-AE711E90FFA5}.Debug|Any CPU.Build.0 = Debug|Any CPU
		{523E6AA9-D943-4173-90E8-AE711E90FFA5}.Release|Any CPU.ActiveCfg = Release|Any CPU
		{523E6AA9-D943-4173-90E8-AE711E90FFA5}.Release|Any CPU.Build.0 = Release|Any CPU
		{29121038-F304-4BD6-8862-298319CA107B}.Debug|Any CPU.ActiveCfg = Debug|Any CPU
		{29121038-F304-4BD6-8862-298319CA107B}.Debug|Any CPU.Build.0 = Debug|Any CPU
		{29121038-F304-4BD6-8862-298319CA107B}.Release|Any CPU.ActiveCfg = Release|Any CPU
		{29121038-F304-4BD6-8862-298319CA107B}.Release|Any CPU.Build.0 = Release|Any CPU
		{B573742D-608F-4395-9F8B-528084A21E1E}.Debug|Any CPU.ActiveCfg = Debug|Any CPU
		{B573742D-608F-4395-9F8B-528084A21E1E}.Debug|Any CPU.Build.0 = Debug|Any CPU
		{B573742D-608F-4395-9F8B-528084A21E1E}.Release|Any CPU.ActiveCfg = Release|Any CPU
		{B573742D-608F-4395-9F8B-528084A21E1E}.Release|Any CPU.Build.0 = Release|Any CPU
		{BA8C05B0-0111-4E30-8DC5-E48DA03E1BC4}.Debug|Any CPU.ActiveCfg = Debug|Any CPU
		{BA8C05B0-0111-4E30-8DC5-E48DA03E1BC4}.Debug|Any CPU.Build.0 = Debug|Any CPU
		{BA8C05B0-0111-4E30-8DC5-E48DA03E1BC4}.Release|Any CPU.ActiveCfg = Release|Any CPU
		{BA8C05B0-0111-4E30-8DC5-E48DA03E1BC4}.Release|Any CPU.Build.0 = Release|Any CPU
		{E430AFF2-C45B-4C86-B4EA-C9DF8CBDEEB4}.Debug|Any CPU.ActiveCfg = Debug|Any CPU
		{E430AFF2-C45B-4C86-B4EA-C9DF8CBDEEB4}.Debug|Any CPU.Build.0 = Debug|Any CPU
		{E430AFF2-C45B-4C86-B4EA-C9DF8CBDEEB4}.Release|Any CPU.ActiveCfg = Release|Any CPU
		{E430AFF2-C45B-4C86-B4EA-C9DF8CBDEEB4}.Release|Any CPU.Build.0 = Release|Any CPU
	EndGlobalSection
	GlobalSection(SolutionProperties) = preSolution
		HideSolutionNode = FALSE
	EndGlobalSection
	GlobalSection(NestedProjects) = preSolution
		{C3B0FF02-2F32-49AE-AC31-DA6846BAA8DD} = {FF9E9230-1BF9-45CB-AE9A-AAD5575B915B}
		{C7C2F3CF-0880-4F20-B0FB-2FC24480D9DB} = {FE62DE98-A35E-42CE-9335-CEB6214A3188}
		{89EFE0E7-C83A-49AD-9612-A2AB06DB6E67} = {FE62DE98-A35E-42CE-9335-CEB6214A3188}
		{523E6AA9-D943-4173-90E8-AE711E90FFA5} = {FE62DE98-A35E-42CE-9335-CEB6214A3188}
		{BA8C05B0-0111-4E30-8DC5-E48DA03E1BC4} = {FE62DE98-A35E-42CE-9335-CEB6214A3188}
		{E430AFF2-C45B-4C86-B4EA-C9DF8CBDEEB4} = {FE62DE98-A35E-42CE-9335-CEB6214A3188}
	EndGlobalSection
	GlobalSection(ExtensibilityGlobals) = postSolution
		SolutionGuid = {5AC1433B-169B-4FF3-AF6C-E8984F2D22AF}
	EndGlobalSection
EndGlobal
